
Microsoft Visual Studio Solution File, Format Version 12.00
# Visual Studio Version 17
VisualStudioVersion = 17.7.34031.279
MinimumVisualStudioVersion = 10.0.40219.1
Project("{FAE04EC0-301F-11D3-BF4B-00C04F79EFBC}") = "Sistema_Inventario", "Sistema_Inventario\Sistema_Inventario.csproj", "{3F741C60-5840-447E-9FD6-00FA2F995590}"
EndProject
Global
	GlobalSection(SolutionConfigurationPlatforms) = preSolution
		Debug|Any CPU = Debug|Any CPU
		Release|Any CPU = Release|Any CPU
	EndGlobalSection
	GlobalSection(ProjectConfigurationPlatforms) = postSolution
		{3F741C60-5840-447E-9FD6-00FA2F995590}.Debug|Any CPU.ActiveCfg = Debug|Any CPU
		{3F741C60-5840-447E-9FD6-00FA2F995590}.Debug|Any CPU.Build.0 = Debug|Any CPU
		{3F741C60-5840-447E-9FD6-00FA2F995590}.Release|Any CPU.ActiveCfg = Release|Any CPU
		{3F741C60-5840-447E-9FD6-00FA2F995590}.Release|Any CPU.Build.0 = Release|Any CPU
	EndGlobalSection
	GlobalSection(SolutionProperties) = preSolution
		HideSolutionNode = FALSE
	EndGlobalSection
	GlobalSection(ExtensibilityGlobals) = postSolution
		SolutionGuid = {56CB29A0-2C3D-44AD-9CCE-2BCBC7D4AC5F}
	EndGlobalSection
EndGlobal
